// !$*UTF8*$!
{
	archiveVersion = 1;
	classes = {
	};
	objectVersion = 77;
	objects = {

/* Begin PBXContainerItemProxy section */
		8F7B68E52D492CD700B21436 /* PBXContainerItemProxy */ = {
			isa = PBXContainerItemProxy;
			containerPortal = 8F7B68C32D492CD600B21436 /* Project object */;
			proxyType = 1;
			remoteGlobalIDString = 8F7B68CA2D492CD600B21436;
			remoteInfo = "Money-manGame";
		};
		8F7B68EF2D492CD700B21436 /* PBXContainerItemProxy */ = {
			isa = PBXContainerItemProxy;
			containerPortal = 8F7B68C32D492CD600B21436 /* Project object */;
			proxyType = 1;
			remoteGlobalIDString = 8F7B68CA2D492CD600B21436;
			remoteInfo = "Money-manGame";
		};
/* End PBXContainerItemProxy section */

/* Begin PBXFileReference section */
		8F7B68CB2D492CD600B21436 /* Money-manGame.app */ = {isa = PBXFileReference; explicitFileType = wrapper.application; includeInIndex = 0; path = "Money-manGame.app"; sourceTree = BUILT_PRODUCTS_DIR; };
		8F7B68E42D492CD700B21436 /* Money-manGameTests.xctest */ = {isa = PBXFileReference; explicitFileType = wrapper.cfbundle; includeInIndex = 0; path = "Money-manGameTests.xctest"; sourceTree = BUILT_PRODUCTS_DIR; };
		8F7B68EE2D492CD700B21436 /* Money-manGameUITests.xctest */ = {isa = PBXFileReference; explicitFileType = wrapper.cfbundle; includeInIndex = 0; path = "Money-manGameUITests.xctest"; sourceTree = BUILT_PRODUCTS_DIR; };
/* End PBXFileReference section */

/* Begin PBXFileSystemSynchronizedRootGroup section */
		8F7B68CD2D492CD600B21436 /* Money-manGame */ = {
			isa = PBXFileSystemSynchronizedRootGroup;
			path = "Money-manGame";
			sourceTree = "<group>";
		};
		8F7B68E72D492CD700B21436 /* Money-manGameTests */ = {
			isa = PBXFileSystemSynchronizedRootGroup;
			path = "Money-manGameTests";
			sourceTree = "<group>";
		};
		8F7B68F12D492CD700B21436 /* Money-manGameUITests */ = {
			isa = PBXFileSystemSynchronizedRootGroup;
			path = "Money-manGameUITests";
			sourceTree = "<group>";
		};
/* End PBXFileSystemSynchronizedRootGroup section */

/* Begin PBXFrameworksBuildPhase section */
		8F7B68C82D492CD600B21436 /* Frameworks */ = {
			isa = PBXFrameworksBuildPhase;
			buildActionMask = 2147483647;
			files = (
			);
			runOnlyForDeploymentPostprocessing = 0;
		};
		8F7B68E12D492CD700B21436 /* Frameworks */ = {
			isa = PBXFrameworksBuildPhase;
			buildActionMask = 2147483647;
			files = (
			);
			runOnlyForDeploymentPostprocessing = 0;
		};
		8F7B68EB2D492CD700B21436 /* Frameworks */ = {
			isa = PBXFrameworksBuildPhase;
			buildActionMask = 2147483647;
			files = (
			);
			runOnlyForDeploymentPostprocessing = 0;
		};
/* End PBXFrameworksBuildPhase section */

/* Begin PBXGroup section */
		8F7B68C22D492CD600B21436 = {
			isa = PBXGroup;
			children = (
				8F7B68CD2D492CD600B21436 /* Money-manGame */,
				8F7B68E72D492CD700B21436 /* Money-manGameTests */,
				8F7B68F12D492CD700B21436 /* Money-manGameUITests */,
				8F7B68CC2D492CD600B21436 /* Products */,
			);
			sourceTree = "<group>";
		};
		8F7B68CC2D492CD600B21436 /* Products */ = {
			isa = PBXGroup;
			children = (
				8F7B68CB2D492CD600B21436 /* Money-manGame.app */,
				8F7B68E42D492CD700B21436 /* Money-manGameTests.xctest */,
				8F7B68EE2D492CD700B21436 /* Money-manGameUITests.xctest */,
			);
			name = Products;
			sourceTree = "<group>";
		};
/* End PBXGroup section */

/* Begin PBXNativeTarget section */
		8F7B68CA2D492CD600B21436 /* Money-manGame */ = {
			isa = PBXNativeTarget;
			buildConfigurationList = 8F7B68F82D492CD700B21436 /* Build configuration list for PBXNativeTarget "Money-manGame" */;
			buildPhases = (
				8F7B68C72D492CD600B21436 /* Sources */,
				8F7B68C82D492CD600B21436 /* Frameworks */,
				8F7B68C92D492CD600B21436 /* Resources */,
			);
			buildRules = (
			);
			dependencies = (
			);
			fileSystemSynchronizedGroups = (
				8F7B68CD2D492CD600B21436 /* Money-manGame */,
			);
			name = "Money-manGame";
			packageProductDependencies = (
			);
			productName = "Money-manGame";
			productReference = 8F7B68CB2D492CD600B21436 /* Money-manGame.app */;
			productType = "com.apple.product-type.application";
		};
		8F7B68E32D492CD700B21436 /* Money-manGameTests */ = {
			isa = PBXNativeTarget;
			buildConfigurationList = 8F7B68FB2D492CD700B21436 /* Build configuration list for PBXNativeTarget "Money-manGameTests" */;
			buildPhases = (
				8F7B68E02D492CD700B21436 /* Sources */,
				8F7B68E12D492CD700B21436 /* Frameworks */,
				8F7B68E22D492CD700B21436 /* Resources */,
			);
			buildRules = (
			);
			dependencies = (
				8F7B68E62D492CD700B21436 /* PBXTargetDependency */,
			);
			fileSystemSynchronizedGroups = (
				8F7B68E72D492CD700B21436 /* Money-manGameTests */,
			);
			name = "Money-manGameTests";
			packageProductDependencies = (
			);
			productName = "Money-manGameTests";
			productReference = 8F7B68E42D492CD700B21436 /* Money-manGameTests.xctest */;
			productType = "com.apple.product-type.bundle.unit-test";
		};
		8F7B68ED2D492CD700B21436 /* Money-manGameUITests */ = {
			isa = PBXNativeTarget;
			buildConfigurationList = 8F7B68FE2D492CD700B21436 /* Build configuration list for PBXNativeTarget "Money-manGameUITests" */;
			buildPhases = (
				8F7B68EA2D492CD700B21436 /* Sources */,
				8F7B68EB2D492CD700B21436 /* Frameworks */,
				8F7B68EC2D492CD700B21436 /* Resources */,
			);
			buildRules = (
			);
			dependencies = (
				8F7B68F02D492CD700B21436 /* PBXTargetDependency */,
			);
			fileSystemSynchronizedGroups = (
				8F7B68F12D492CD700B21436 /* Money-manGameUITests */,
			);
			name = "Money-manGameUITests";
			packageProductDependencies = (
			);
			productName = "Money-manGameUITests";
			productReference = 8F7B68EE2D492CD700B21436 /* Money-manGameUITests.xctest */;
			productType = "com.apple.product-type.bundle.ui-testing";
		};
/* End PBXNativeTarget section */

/* Begin PBXProject section */
		8F7B68C32D492CD600B21436 /* Project object */ = {
			isa = PBXProject;
			attributes = {
				BuildIndependentTargetsInParallel = 1;
				LastSwiftUpdateCheck = 1620;
				LastUpgradeCheck = 1620;
				TargetAttributes = {
					8F7B68CA2D492CD600B21436 = {
						CreatedOnToolsVersion = 16.2;
					};
					8F7B68E32D492CD700B21436 = {
						CreatedOnToolsVersion = 16.2;
						TestTargetID = 8F7B68CA2D492CD600B21436;
					};
					8F7B68ED2D492CD700B21436 = {
						CreatedOnToolsVersion = 16.2;
						TestTargetID = 8F7B68CA2D492CD600B21436;
					};
				};
			};
			buildConfigurationList = 8F7B68C62D492CD600B21436 /* Build configuration list for PBXProject "Money-manGame" */;
			developmentRegion = en;
			hasScannedForEncodings = 0;
			knownRegions = (
				en,
				Base,
			);
			mainGroup = 8F7B68C22D492CD600B21436;
			minimizedProjectReferenceProxies = 1;
			preferredProjectObjectVersion = 77;
			productRefGroup = 8F7B68CC2D492CD600B21436 /* Products */;
			projectDirPath = "";
			projectRoot = "";
			targets = (
				8F7B68CA2D492CD600B21436 /* Money-manGame */,
				8F7B68E32D492CD700B21436 /* Money-manGameTests */,
				8F7B68ED2D492CD700B21436 /* Money-manGameUITests */,
			);
		};
/* End PBXProject section */

/* Begin PBXResourcesBuildPhase section */
		8F7B68C92D492CD600B21436 /* Resources */ = {
			isa = PBXResourcesBuildPhase;
			buildActionMask = 2147483647;
			files = (
			);
			runOnlyForDeploymentPostprocessing = 0;
		};
		8F7B68E22D492CD700B21436 /* Resources */ = {
			isa = PBXResourcesBuildPhase;
			buildActionMask = 2147483647;
			files = (
			);
			runOnlyForDeploymentPostprocessing = 0;
		};
		8F7B68EC2D492CD700B21436 /* Resources */ = {
			isa = PBXResourcesBuildPhase;
			buildActionMask = 2147483647;
			files = (
			);
			runOnlyForDeploymentPostprocessing = 0;
		};
/* End PBXResourcesBuildPhase section */

/* Begin PBXSourcesBuildPhase section */
		8F7B68C72D492CD600B21436 /* Sources */ = {
			isa = PBXSourcesBuildPhase;
			buildActionMask = 2147483647;
			files = (
			);
			runOnlyForDeploymentPostprocessing = 0;
		};
		8F7B68E02D492CD700B21436 /* Sources */ = {
			isa = PBXSourcesBuildPhase;
			buildActionMask = 2147483647;
			files = (
			);
			runOnlyForDeploymentPostprocessing = 0;
		};
		8F7B68EA2D492CD700B21436 /* Sources */ = {
			isa = PBXSourcesBuildPhase;
			buildActionMask = 2147483647;
			files = (
			);
			runOnlyForDeploymentPostprocessing = 0;
		};
/* End PBXSourcesBuildPhase section */

/* Begin PBXTargetDependency section */
		8F7B68E62D492CD700B21436 /* PBXTargetDependency */ = {
			isa = PBXTargetDependency;
			target = 8F7B68CA2D492CD600B21436 /* Money-manGame */;
			targetProxy = 8F7B68E52D492CD700B21436 /* PBXContainerItemProxy */;
		};
		8F7B68F02D492CD700B21436 /* PBXTargetDependency */ = {
			isa = PBXTargetDependency;
			target = 8F7B68CA2D492CD600B21436 /* Money-manGame */;
			targetProxy = 8F7B68EF2D492CD700B21436 /* PBXContainerItemProxy */;
		};
/* End PBXTargetDependency section */

/* Begin XCBuildConfiguration section */
		8F7B68F62D492CD700B21436 /* Debug */ = {
			isa = XCBuildConfiguration;
			buildSettings = {
				ALWAYS_SEARCH_USER_PATHS = NO;
				ASSETCATALOG_COMPILER_GENERATE_SWIFT_ASSET_SYMBOL_EXTENSIONS = YES;
				CLANG_ANALYZER_NONNULL = YES;
				CLANG_ANALYZER_NUMBER_OBJECT_CONVERSION = YES_AGGRESSIVE;
				CLANG_CXX_LANGUAGE_STANDARD = "gnu++20";
				CLANG_ENABLE_MODULES = YES;
				CLANG_ENABLE_OBJC_ARC = YES;
				CLANG_ENABLE_OBJC_WEAK = YES;
				CLANG_WARN_BLOCK_CAPTURE_AUTORELEASING = YES;
				CLANG_WARN_BOOL_CONVERSION = YES;
				CLANG_WARN_COMMA = YES;
				CLANG_WARN_CONSTANT_CONVERSION = YES;
				CLANG_WARN_DEPRECATED_OBJC_IMPLEMENTATIONS = YES;
				CLANG_WARN_DIRECT_OBJC_ISA_USAGE = YES_ERROR;
				CLANG_WARN_DOCUMENTATION_COMMENTS = YES;
				CLANG_WARN_EMPTY_BODY = YES;
				CLANG_WARN_ENUM_CONVERSION = YES;
				CLANG_WARN_INFINITE_RECURSION = YES;
				CLANG_WARN_INT_CONVERSION = YES;
				CLANG_WARN_NON_LITERAL_NULL_CONVERSION = YES;
				CLANG_WARN_OBJC_IMPLICIT_RETAIN_SELF = YES;
				CLANG_WARN_OBJC_LITERAL_CONVERSION = YES;
				CLANG_WARN_OBJC_ROOT_CLASS = YES_ERROR;
				CLANG_WARN_QUOTED_INCLUDE_IN_FRAMEWORK_HEADER = YES;
				CLANG_WARN_RANGE_LOOP_ANALYSIS = YES;
				CLANG_WARN_STRICT_PROTOTYPES = YES;
				CLANG_WARN_SUSPICIOUS_MOVE = YES;
				CLANG_WARN_UNGUARDED_AVAILABILITY = YES_AGGRESSIVE;
				CLANG_WARN_UNREACHABLE_CODE = YES;
				CLANG_WARN__DUPLICATE_METHOD_MATCH = YES;
				COPY_PHASE_STRIP = NO;
				DEBUG_INFORMATION_FORMAT = dwarf;
				ENABLE_STRICT_OBJC_MSGSEND = YES;
				ENABLE_TESTABILITY = YES;
				ENABLE_USER_SCRIPT_SANDBOXING = YES;
				GCC_C_LANGUAGE_STANDARD = gnu17;
				GCC_DYNAMIC_NO_PIC = NO;
				GCC_NO_COMMON_BLOCKS = YES;
				GCC_OPTIMIZATION_LEVEL = 0;
				GCC_PREPROCESSOR_DEFINITIONS = (
					"DEBUG=1",
					"$(inherited)",
				);
				GCC_WARN_64_TO_32_BIT_CONVERSION = YES;
				GCC_WARN_ABOUT_RETURN_TYPE = YES_ERROR;
				GCC_WARN_UNDECLARED_SELECTOR = YES;
				GCC_WARN_UNINITIALIZED_AUTOS = YES_AGGRESSIVE;
				GCC_WARN_UNUSED_FUNCTION = YES;
				GCC_WARN_UNUSED_VARIABLE = YES;
				IPHONEOS_DEPLOYMENT_TARGET = 18.2;
				LOCALIZATION_PREFERS_STRING_CATALOGS = YES;
				MTL_ENABLE_DEBUG_INFO = INCLUDE_SOURCE;
				MTL_FAST_MATH = YES;
				ONLY_ACTIVE_ARCH = YES;
				SDKROOT = iphoneos;
				SWIFT_ACTIVE_COMPILATION_CONDITIONS = "DEBUG $(inherited)";
				SWIFT_OPTIMIZATION_LEVEL = "-Onone";
			};
			name = Debug;
		};
		8F7B68F72D492CD700B21436 /* Release */ = {
			isa = XCBuildConfiguration;
			buildSettings = {
				ALWAYS_SEARCH_USER_PATHS = NO;
				ASSETCATALOG_COMPILER_GENERATE_SWIFT_ASSET_SYMBOL_EXTENSIONS = YES;
				CLANG_ANALYZER_NONNULL = YES;
				CLANG_ANALYZER_NUMBER_OBJECT_CONVERSION = YES_AGGRESSIVE;
				CLANG_CXX_LANGUAGE_STANDARD = "gnu++20";
				CLANG_ENABLE_MODULES = YES;
				CLANG_ENABLE_OBJC_ARC = YES;
				CLANG_ENABLE_OBJC_WEAK = YES;
				CLANG_WARN_BLOCK_CAPTURE_AUTORELEASING = YES;
				CLANG_WARN_BOOL_CONVERSION = YES;
				CLANG_WARN_COMMA = YES;
				CLANG_WARN_CONSTANT_CONVERSION = YES;
				CLANG_WARN_DEPRECATED_OBJC_IMPLEMENTATIONS = YES;
				CLANG_WARN_DIRECT_OBJC_ISA_USAGE = YES_ERROR;
				CLANG_WARN_DOCUMENTATION_COMMENTS = YES;
				CLANG_WARN_EMPTY_BODY = YES;
				CLANG_WARN_ENUM_CONVERSION = YES;
				CLANG_WARN_INFINITE_RECURSION = YES;
				CLANG_WARN_INT_CONVERSION = YES;
				CLANG_WARN_NON_LITERAL_NULL_CONVERSION = YES;
				CLANG_WARN_OBJC_IMPLICIT_RETAIN_SELF = YES;
				CLANG_WARN_OBJC_LITERAL_CONVERSION = YES;
				CLANG_WARN_OBJC_ROOT_CLASS = YES_ERROR;
				CLANG_WARN_QUOTED_INCLUDE_IN_FRAMEWORK_HEADER = YES;
				CLANG_WARN_RANGE_LOOP_ANALYSIS = YES;
				CLANG_WARN_STRICT_PROTOTYPES = YES;
				CLANG_WARN_SUSPICIOUS_MOVE = YES;
				CLANG_WARN_UNGUARDED_AVAILABILITY = YES_AGGRESSIVE;
				CLANG_WARN_UNREACHABLE_CODE = YES;
				CLANG_WARN__DUPLICATE_METHOD_MATCH = YES;
				COPY_PHASE_STRIP = NO;
				DEBUG_INFORMATION_FORMAT = "dwarf-with-dsym";
				ENABLE_NS_ASSERTIONS = NO;
				ENABLE_STRICT_OBJC_MSGSEND = YES;
				ENABLE_USER_SCRIPT_SANDBOXING = YES;
				GCC_C_LANGUAGE_STANDARD = gnu17;
				GCC_NO_COMMON_BLOCKS = YES;
				GCC_WARN_64_TO_32_BIT_CONVERSION = YES;
				GCC_WARN_ABOUT_RETURN_TYPE = YES_ERROR;
				GCC_WARN_UNDECLARED_SELECTOR = YES;
				GCC_WARN_UNINITIALIZED_AUTOS = YES_AGGRESSIVE;
				GCC_WARN_UNUSED_FUNCTION = YES;
				GCC_WARN_UNUSED_VARIABLE = YES;
				IPHONEOS_DEPLOYMENT_TARGET = 18.2;
				LOCALIZATION_PREFERS_STRING_CATALOGS = YES;
				MTL_ENABLE_DEBUG_INFO = NO;
				MTL_FAST_MATH = YES;
				SDKROOT = iphoneos;
				SWIFT_COMPILATION_MODE = wholemodule;
				VALIDATE_PRODUCT = YES;
			};
			name = Release;
		};
		8F7B68F92D492CD700B21436 /* Debug */ = {
			isa = XCBuildConfiguration;
			buildSettings = {
				ASSETCATALOG_COMPILER_APPICON_NAME = AppIcon;
				ASSETCATALOG_COMPILER_GLOBAL_ACCENT_COLOR_NAME = AccentColor;
				CODE_SIGN_STYLE = Automatic;
				CURRENT_PROJECT_VERSION = 1;
				GENERATE_INFOPLIST_FILE = YES;
				INFOPLIST_KEY_UIApplicationSupportsIndirectInputEvents = YES;
				INFOPLIST_KEY_UILaunchStoryboardName = LaunchScreen;
				INFOPLIST_KEY_UIMainStoryboardFile = Main;
				INFOPLIST_KEY_UIStatusBarHidden = YES;
				INFOPLIST_KEY_UISupportedInterfaceOrientations_iPad = "UIInterfaceOrientationPortrait UIInterfaceOrientationPortraitUpsideDown UIInterfaceOrientationLandscapeLeft UIInterfaceOrientationLandscapeRight";
				INFOPLIST_KEY_UISupportedInterfaceOrientations_iPhone = "UIInterfaceOrientationPortrait UIInterfaceOrientationLandscapeLeft UIInterfaceOrientationLandscapeRight";
				LD_RUNPATH_SEARCH_PATHS = (
					"$(inherited)",
					"@executable_path/Frameworks",
				);
				MARKETING_VERSION = 1.0;
				PRODUCT_BUNDLE_IDENTIFIER = "JoeyB.Money-manGame";
				PRODUCT_NAME = "$(TARGET_NAME)";
				SWIFT_EMIT_LOC_STRINGS = YES;
				SWIFT_VERSION = 5.0;
				TARGETED_DEVICE_FAMILY = "1,2";
			};
			name = Debug;
		};
		8F7B68FA2D492CD700B21436 /* Release */ = {
			isa = XCBuildConfiguration;
			buildSettings = {
				ASSETCATALOG_COMPILER_APPICON_NAME = AppIcon;
				ASSETCATALOG_COMPILER_GLOBAL_ACCENT_COLOR_NAME = AccentColor;
				CODE_SIGN_STYLE = Automatic;
				CURRENT_PROJECT_VERSION = 1;
				GENERATE_INFOPLIST_FILE = YES;
				INFOPLIST_KEY_UIApplicationSupportsIndirectInputEvents = YES;
				INFOPLIST_KEY_UILaunchStoryboardName = LaunchScreen;
				INFOPLIST_KEY_UIMainStoryboardFile = Main;
				INFOPLIST_KEY_UIStatusBarHidden = YES;
				INFOPLIST_KEY_UISupportedInterfaceOrientations_iPad = "UIInterfaceOrientationPortrait UIInterfaceOrientationPortraitUpsideDown UIInterfaceOrientationLandscapeLeft UIInterfaceOrientationLandscapeRight";
				INFOPLIST_KEY_UISupportedInterfaceOrientations_iPhone = "UIInterfaceOrientationPortrait UIInterfaceOrientationLandscapeLeft UIInterfaceOrientationLandscapeRight";
				LD_RUNPATH_SEARCH_PATHS = (
					"$(inherited)",
					"@executable_path/Frameworks",
				);
				MARKETING_VERSION = 1.0;
				PRODUCT_BUNDLE_IDENTIFIER = "JoeyB.Money-manGame";
				PRODUCT_NAME = "$(TARGET_NAME)";
				SWIFT_EMIT_LOC_STRINGS = YES;
				SWIFT_VERSION = 5.0;
				TARGETED_DEVICE_FAMILY = "1,2";
			};
			name = Release;
		};
		8F7B68FC2D492CD700B21436 /* Debug */ = {
			isa = XCBuildConfiguration;
			buildSettings = {
				BUNDLE_LOADER = "$(TEST_HOST)";
				CODE_SIGN_STYLE = Automatic;
				CURRENT_PROJECT_VERSION = 1;
				GENERATE_INFOPLIST_FILE = YES;
				IPHONEOS_DEPLOYMENT_TARGET = 18.2;
				MARKETING_VERSION = 1.0;
				PRODUCT_BUNDLE_IDENTIFIER = "JoeyB.Money-manGameTests";
				PRODUCT_NAME = "$(TARGET_NAME)";
				SWIFT_EMIT_LOC_STRINGS = NO;
				SWIFT_VERSION = 5.0;
				TARGETED_DEVICE_FAMILY = "1,2";
				TEST_HOST = "$(BUILT_PRODUCTS_DIR)/Money-manGame.app/$(BUNDLE_EXECUTABLE_FOLDER_PATH)/Money-manGame";
			};
			name = Debug;
		};
		8F7B68FD2D492CD700B21436 /* Release */ = {
			isa = XCBuildConfiguration;
			buildSettings = {
				BUNDLE_LOADER = "$(TEST_HOST)";
				CODE_SIGN_STYLE = Automatic;
				CURRENT_PROJECT_VERSION = 1;
				GENERATE_INFOPLIST_FILE = YES;
				IPHONEOS_DEPLOYMENT_TARGET = 18.2;
				MARKETING_VERSION = 1.0;
				PRODUCT_BUNDLE_IDENTIFIER = "JoeyB.Money-manGameTests";
				PRODUCT_NAME = "$(TARGET_NAME)";
				SWIFT_EMIT_LOC_STRINGS = NO;
				SWIFT_VERSION = 5.0;
				TARGETED_DEVICE_FAMILY = "1,2";
				TEST_HOST = "$(BUILT_PRODUCTS_DIR)/Money-manGame.app/$(BUNDLE_EXECUTABLE_FOLDER_PATH)/Money-manGame";
			};
			name = Release;
		};
		8F7B68FF2D492CD700B21436 /* Debug */ = {
			isa = XCBuildConfiguration;
			buildSettings = {
				CODE_SIGN_STYLE = Automatic;
				CURRENT_PROJECT_VERSION = 1;
				GENERATE_INFOPLIST_FILE = YES;
				MARKETING_VERSION = 1.0;
				PRODUCT_BUNDLE_IDENTIFIER = "JoeyB.Money-manGameUITests";
				PRODUCT_NAME = "$(TARGET_NAME)";
				SWIFT_EMIT_LOC_STRINGS = NO;
				SWIFT_VERSION = 5.0;
				TARGETED_DEVICE_FAMILY = "1,2";
				TEST_TARGET_NAME = "Money-manGame";
			};
			name = Debug;
		};
		8F7B69002D492CD700B21436 /* Release */ = {
			isa = XCBuildConfiguration;
			buildSettings = {
				CODE_SIGN_STYLE = Automatic;
				CURRENT_PROJECT_VERSION = 1;
				GENERATE_INFOPLIST_FILE = YES;
				MARKETING_VERSION = 1.0;
				PRODUCT_BUNDLE_IDENTIFIER = "JoeyB.Money-manGameUITests";
				PRODUCT_NAME = "$(TARGET_NAME)";
				SWIFT_EMIT_LOC_STRINGS = NO;
				SWIFT_VERSION = 5.0;
				TARGETED_DEVICE_FAMILY = "1,2";
				TEST_TARGET_NAME = "Money-manGame";
			};
			name = Release;
		};
/* End XCBuildConfiguration section */

/* Begin XCConfigurationList section */
		8F7B68C62D492CD600B21436 /* Build configuration list for PBXProject "Money-manGame" */ = {
			isa = XCConfigurationList;
			buildConfigurations = (
				8F7B68F62D492CD700B21436 /* Debug */,
				8F7B68F72D492CD700B21436 /* Release */,
			);
			defaultConfigurationIsVisible = 0;
			defaultConfigurationName = Release;
		};
		8F7B68F82D492CD700B21436 /* Build configuration list for PBXNativeTarget "Money-manGame" */ = {
			isa = XCConfigurationList;
			buildConfigurations = (
				8F7B68F92D492CD700B21436 /* Debug */,
				8F7B68FA2D492CD700B21436 /* Release */,
			);
			defaultConfigurationIsVisible = 0;
			defaultConfigurationName = Release;
		};
		8F7B68FB2D492CD700B21436 /* Build configuration list for PBXNativeTarget "Money-manGameTests" */ = {
			isa = XCConfigurationList;
			buildConfigurations = (
				8F7B68FC2D492CD700B21436 /* Debug */,
				8F7B68FD2D492CD700B21436 /* Release */,
			);
			defaultConfigurationIsVisible = 0;
			defaultConfigurationName = Release;
		};
		8F7B68FE2D492CD700B21436 /* Build configuration list for PBXNativeTarget "Money-manGameUITests" */ = {
			isa = XCConfigurationList;
			buildConfigurations = (
				8F7B68FF2D492CD700B21436 /* Debug */,
				8F7B69002D492CD700B21436 /* Release */,
			);
			defaultConfigurationIsVisible = 0;
			defaultConfigurationName = Release;
		};
/* End XCConfigurationList section */
	};
	rootObject = 8F7B68C32D492CD600B21436 /* Project object */;
}
